
Microsoft Visual Studio Solution File, Format Version 12.00
# Visual Studio Version 16
VisualStudioVersion = 16.0.31729.503
MinimumVisualStudioVersion = 10.0.40219.1
Project("{8BC9CEB8-8B4A-11D0-8D11-00A0C91BC942}") = "vjezba1_zd2", "vjezba1_zd2\vjezba1_zd2.vcxproj", "{B634954E-07FF-4BB2-8688-F918AD975327}"
EndProject
Global
	GlobalSection(SolutionConfigurationPlatforms) = preSolution
		Debug|x64 = Debug|x64
		Debug|x86 = Debug|x86
		Release|x64 = Release|x64
		Release|x86 = Release|x86
	EndGlobalSection
	GlobalSection(ProjectConfigurationPlatforms) = postSolution
		{B634954E-07FF-4BB2-8688-F918AD975327}.Debug|x64.ActiveCfg = Debug|x64
		{B634954E-07FF-4BB2-8688-F918AD975327}.Debug|x64.Build.0 = Debug|x64
		{B634954E-07FF-4BB2-8688-F918AD975327}.Debug|x86.ActiveCfg = Debug|Win32
		{B634954E-07FF-4BB2-8688-F918AD975327}.Debug|x86.Build.0 = Debug|Win32
		{B634954E-07FF-4BB2-8688-F918AD975327}.Release|x64.ActiveCfg = Release|x64
		{B634954E-07FF-4BB2-8688-F918AD975327}.Release|x64.Build.0 = Release|x64
		{B634954E-07FF-4BB2-8688-F918AD975327}.Release|x86.ActiveCfg = Release|Win32
		{B634954E-07FF-4BB2-8688-F918AD975327}.Release|x86.Build.0 = Release|Win32
	EndGlobalSection
	GlobalSection(SolutionProperties) = preSolution
		HideSolutionNode = FALSE
	EndGlobalSection
	GlobalSection(ExtensibilityGlobals) = postSolution
		SolutionGuid = {76E7A6FF-3F11-48CB-9906-6066A1861A62}
	EndGlobalSection
EndGlobal
